
Microsoft Visual Studio Solution File, Format Version 12.00
# Visual Studio Version 16
VisualStudioVersion = 16.0.30907.101
MinimumVisualStudioVersion = 10.0.40219.1
Project("{FAE04EC0-301F-11D3-BF4B-00C04F79EFBC}") = "CodeChallengePart1", "CodeChallengePart1.csproj", "{3DB4C0A0-349E-41A0-A202-2288F98176BE}"
EndProject
Global
	GlobalSection(SolutionConfigurationPlatforms) = preSolution
		Debug|Any CPU = Debug|Any CPU
		Release|Any CPU = Release|Any CPU
	EndGlobalSection
	GlobalSection(ProjectConfigurationPlatforms) = postSolution
		{3DB4C0A0-349E-41A0-A202-2288F98176BE}.Debug|Any CPU.ActiveCfg = Debug|Any CPU
		{3DB4C0A0-349E-41A0-A202-2288F98176BE}.Debug|Any CPU.Build.0 = Debug|Any CPU
		{3DB4C0A0-349E-41A0-A202-2288F98176BE}.Release|Any CPU.ActiveCfg = Release|Any CPU
		{3DB4C0A0-349E-41A0-A202-2288F98176BE}.Release|Any CPU.Build.0 = Release|Any CPU
	EndGlobalSection
	GlobalSection(SolutionProperties) = preSolution
		HideSolutionNode = FALSE
	EndGlobalSection
	GlobalSection(ExtensibilityGlobals) = postSolution
		SolutionGuid = {A9B27220-7FC5-49E7-87C5-22D8202BF3EC}
	EndGlobalSection
EndGlobal
